
Microsoft Visual Studio Solution File, Format Version 12.00
Project("{FAE04EC0-301F-11D3-BF4B-00C04F79EFBC}") = "MemoryTests", "MemoryTests\MemoryTests.csproj", "{BF948F42-B3EF-44AA-96DE-F5EA8A93B1F6}"
EndProject
Project("{FAE04EC0-301F-11D3-BF4B-00C04F79EFBC}") = "GcHandleTests", "GcHandleTests\GcHandleTests.csproj", "{006E94B6-89DF-4749-BDA8-B1A794524666}"
EndProject
Global
	GlobalSection(SolutionConfigurationPlatforms) = preSolution
		Debug|Any CPU = Debug|Any CPU
		Release|Any CPU = Release|Any CPU
	EndGlobalSection
	GlobalSection(ProjectConfigurationPlatforms) = postSolution
		{BF948F42-B3EF-44AA-96DE-F5EA8A93B1F6}.Debug|Any CPU.ActiveCfg = Debug|Any CPU
		{BF948F42-B3EF-44AA-96DE-F5EA8A93B1F6}.Debug|Any CPU.Build.0 = Debug|Any CPU
		{BF948F42-B3EF-44AA-96DE-F5EA8A93B1F6}.Release|Any CPU.ActiveCfg = Release|Any CPU
		{BF948F42-B3EF-44AA-96DE-F5EA8A93B1F6}.Release|Any CPU.Build.0 = Release|Any CPU
		{006E94B6-89DF-4749-BDA8-B1A794524666}.Debug|Any CPU.ActiveCfg = Debug|Any CPU
		{006E94B6-89DF-4749-BDA8-B1A794524666}.Debug|Any CPU.Build.0 = Debug|Any CPU
		{006E94B6-89DF-4749-BDA8-B1A794524666}.Release|Any CPU.ActiveCfg = Release|Any CPU
		{006E94B6-89DF-4749-BDA8-B1A794524666}.Release|Any CPU.Build.0 = Release|Any CPU
	EndGlobalSection
EndGlobal
